// !$*UTF8*$!
{
	archiveVersion = 1;
	classes = {
	};
	objectVersion = 46;
	objects = {

/* Begin PBXBuildFile section */
		AE1D52401A81595400A24905 /* main.m in Sources */ = {isa = PBXBuildFile; fileRef = AE1D523F1A81595400A24905 /* main.m */; };
		AE1D52431A81595400A24905 /* AppDelegate.m in Sources */ = {isa = PBXBuildFile; fileRef = AE1D52421A81595400A24905 /* AppDelegate.m */; };
		AE1D52461A81595400A24905 /* ViewController.m in Sources */ = {isa = PBXBuildFile; fileRef = AE1D52451A81595400A24905 /* ViewController.m */; };
		AE1D524B1A81595400A24905 /* Images.xcassets in Resources */ = {isa = PBXBuildFile; fileRef = AE1D524A1A81595400A24905 /* Images.xcassets */; };
		AE1D524E1A81595400A24905 /* LaunchScreen.xib in Resources */ = {isa = PBXBuildFile; fileRef = AE1D524C1A81595400A24905 /* LaunchScreen.xib */; };
		AE1D525A1A81595400A24905 /* tick_tack_toeTests.m in Sources */ = {isa = PBXBuildFile; fileRef = AE1D52591A81595400A24905 /* tick_tack_toeTests.m */; };
		AE1D52641A815A3900A24905 /* ViewController.xib in Resources */ = {isa = PBXBuildFile; fileRef = AE1D52631A815A3900A24905 /* ViewController.xib */; };
/* End PBXBuildFile section */

/* Begin PBXContainerItemProxy section */
		AE1D52541A81595400A24905 /* PBXContainerItemProxy */ = {
			isa = PBXContainerItemProxy;
			containerPortal = AE1D52321A81595400A24905 /* Project object */;
			proxyType = 1;
			remoteGlobalIDString = AE1D52391A81595400A24905;
			remoteInfo = "tick-tack-toe";
		};
/* End PBXContainerItemProxy section */

/* Begin PBXFileReference section */
		AE1D523A1A81595400A24905 /* tick-tack-toe.app */ = {isa = PBXFileReference; explicitFileType = wrapper.application; includeInIndex = 0; path = "tick-tack-toe.app"; sourceTree = BUILT_PRODUCTS_DIR; };
		AE1D523E1A81595400A24905 /* Info.plist */ = {isa = PBXFileReference; lastKnownFileType = text.plist.xml; path = Info.plist; sourceTree = "<group>"; };
		AE1D523F1A81595400A24905 /* main.m */ = {isa = PBXFileReference; lastKnownFileType = sourcecode.c.objc; path = main.m; sourceTree = "<group>"; };
		AE1D52411A81595400A24905 /* AppDelegate.h */ = {isa = PBXFileReference; lastKnownFileType = sourcecode.c.h; path = AppDelegate.h; sourceTree = "<group>"; };
		AE1D52421A81595400A24905 /* AppDelegate.m */ = {isa = PBXFileReference; lastKnownFileType = sourcecode.c.objc; path = AppDelegate.m; sourceTree = "<group>"; };
		AE1D52441A81595400A24905 /* ViewController.h */ = {isa = PBXFileReference; lastKnownFileType = sourcecode.c.h; path = ViewController.h; sourceTree = "<group>"; };
		AE1D52451A81595400A24905 /* ViewController.m */ = {isa = PBXFileReference; lastKnownFileType = sourcecode.c.objc; path = ViewController.m; sourceTree = "<group>"; };
		AE1D524A1A81595400A24905 /* Images.xcassets */ = {isa = PBXFileReference; lastKnownFileType = folder.assetcatalog; path = Images.xcassets; sourceTree = "<group>"; };
		AE1D524D1A81595400A24905 /* Base */ = {isa = PBXFileReference; lastKnownFileType = file.xib; name = Base; path = Base.lproj/LaunchScreen.xib; sourceTree = "<group>"; };
		AE1D52531A81595400A24905 /* tick-tack-toeTests.xctest */ = {isa = PBXFileReference; explicitFileType = wrapper.cfbundle; includeInIndex = 0; path = "tick-tack-toeTests.xctest"; sourceTree = BUILT_PRODUCTS_DIR; };
		AE1D52581A81595400A24905 /* Info.plist */ = {isa = PBXFileReference; lastKnownFileType = text.plist.xml; path = Info.plist; sourceTree = "<group>"; };
		AE1D52591A81595400A24905 /* tick_tack_toeTests.m */ = {isa = PBXFileReference; lastKnownFileType = sourcecode.c.objc; path = tick_tack_toeTests.m; sourceTree = "<group>"; };
		AE1D52631A815A3900A24905 /* ViewController.xib */ = {isa = PBXFileReference; fileEncoding = 4; lastKnownFileType = file.xib; path = ViewController.xib; sourceTree = "<group>"; };
/* End PBXFileReference section */

/* Begin PBXFrameworksBuildPhase section */
		AE1D52371A81595400A24905 /* Frameworks */ = {
			isa = PBXFrameworksBuildPhase;
			buildActionMask = 2147483647;
			files = (
			);
			runOnlyForDeploymentPostprocessing = 0;
		};
		AE1D52501A81595400A24905 /* Frameworks */ = {
			isa = PBXFrameworksBuildPhase;
			buildActionMask = 2147483647;
			files = (
			);
			runOnlyForDeploymentPostprocessing = 0;
		};
/* End PBXFrameworksBuildPhase section */

/* Begin PBXGroup section */
		AE1D52311A81595400A24905 = {
			isa = PBXGroup;
			children = (
				AE1D523C1A81595400A24905 /* tick-tack-toe */,
				AE1D52561A81595400A24905 /* tick-tack-toeTests */,
				AE1D523B1A81595400A24905 /* Products */,
			);
			sourceTree = "<group>";
		};
		AE1D523B1A81595400A24905 /* Products */ = {
			isa = PBXGroup;
			children = (
				AE1D523A1A81595400A24905 /* tick-tack-toe.app */,
				AE1D52531A81595400A24905 /* tick-tack-toeTests.xctest */,
			);
			name = Products;
			sourceTree = "<group>";
		};
		AE1D523C1A81595400A24905 /* tick-tack-toe */ = {
			isa = PBXGroup;
			children = (
				AE1D52411A81595400A24905 /* AppDelegate.h */,
				AE1D52421A81595400A24905 /* AppDelegate.m */,
				AE1D524A1A81595400A24905 /* Images.xcassets */,
				AE1D524C1A81595400A24905 /* LaunchScreen.xib */,
				AE1D523D1A81595400A24905 /* Supporting Files */,
				AE1D52441A81595400A24905 /* ViewController.h */,
				AE1D52451A81595400A24905 /* ViewController.m */,
				AE1D52631A815A3900A24905 /* ViewController.xib */,
			);
			path = "tick-tack-toe";
			sourceTree = "<group>";
		};
		AE1D523D1A81595400A24905 /* Supporting Files */ = {
			isa = PBXGroup;
			children = (
				AE1D523E1A81595400A24905 /* Info.plist */,
				AE1D523F1A81595400A24905 /* main.m */,
			);
			name = "Supporting Files";
			sourceTree = "<group>";
		};
		AE1D52561A81595400A24905 /* tick-tack-toeTests */ = {
			isa = PBXGroup;
			children = (
				AE1D52591A81595400A24905 /* tick_tack_toeTests.m */,
				AE1D52571A81595400A24905 /* Supporting Files */,
			);
			path = "tick-tack-toeTests";
			sourceTree = "<group>";
		};
		AE1D52571A81595400A24905 /* Supporting Files */ = {
			isa = PBXGroup;
			children = (
				AE1D52581A81595400A24905 /* Info.plist */,
			);
			name = "Supporting Files";
			sourceTree = "<group>";
		};
/* End PBXGroup section */

/* Begin PBXNativeTarget section */
		AE1D52391A81595400A24905 /* tick-tack-toe */ = {
			isa = PBXNativeTarget;
			buildConfigurationList = AE1D525D1A81595400A24905 /* Build configuration list for PBXNativeTarget "tick-tack-toe" */;
			buildPhases = (
				AE1D52361A81595400A24905 /* Sources */,
				AE1D52371A81595400A24905 /* Frameworks */,
				AE1D52381A81595400A24905 /* Resources */,
			);
			buildRules = (
			);
			dependencies = (
			);
			name = "tick-tack-toe";
			productName = "tick-tack-toe";
			productReference = AE1D523A1A81595400A24905 /* tick-tack-toe.app */;
			productType = "com.apple.product-type.application";
		};
		AE1D52521A81595400A24905 /* tick-tack-toeTests */ = {
			isa = PBXNativeTarget;
			buildConfigurationList = AE1D52601A81595400A24905 /* Build configuration list for PBXNativeTarget "tick-tack-toeTests" */;
			buildPhases = (
				AE1D524F1A81595400A24905 /* Sources */,
				AE1D52501A81595400A24905 /* Frameworks */,
				AE1D52511A81595400A24905 /* Resources */,
			);
			buildRules = (
			);
			dependencies = (
				AE1D52551A81595400A24905 /* PBXTargetDependency */,
			);
			name = "tick-tack-toeTests";
			productName = "tick-tack-toeTests";
			productReference = AE1D52531A81595400A24905 /* tick-tack-toeTests.xctest */;
			productType = "com.apple.product-type.bundle.unit-test";
		};
/* End PBXNativeTarget section */

/* Begin PBXProject section */
		AE1D52321A81595400A24905 /* Project object */ = {
			isa = PBXProject;
			attributes = {
				LastUpgradeCheck = 0610;
				ORGANIZATIONNAME = blahm;
				TargetAttributes = {
					AE1D52391A81595400A24905 = {
						CreatedOnToolsVersion = 6.1.1;
					};
					AE1D52521A81595400A24905 = {
						CreatedOnToolsVersion = 6.1.1;
						TestTargetID = AE1D52391A81595400A24905;
					};
				};
			};
			buildConfigurationList = AE1D52351A81595400A24905 /* Build configuration list for PBXProject "tick-tack-toe" */;
			compatibilityVersion = "Xcode 3.2";
			developmentRegion = English;
			hasScannedForEncodings = 0;
			knownRegions = (
				en,
				Base,
			);
			mainGroup = AE1D52311A81595400A24905;
			productRefGroup = AE1D523B1A81595400A24905 /* Products */;
			projectDirPath = "";
			projectRoot = "";
			targets = (
				AE1D52391A81595400A24905 /* tick-tack-toe */,
				AE1D52521A81595400A24905 /* tick-tack-toeTests */,
			);
		};
/* End PBXProject section */

/* Begin PBXResourcesBuildPhase section */
		AE1D52381A81595400A24905 /* Resources */ = {
			isa = PBXResourcesBuildPhase;
			buildActionMask = 2147483647;
			files = (
				AE1D524E1A81595400A24905 /* LaunchScreen.xib in Resources */,
				AE1D52641A815A3900A24905 /* ViewController.xib in Resources */,
				AE1D524B1A81595400A24905 /* Images.xcassets in Resources */,
			);
			runOnlyForDeploymentPostprocessing = 0;
		};
		AE1D52511A81595400A24905 /* Resources */ = {
			isa = PBXResourcesBuildPhase;
			buildActionMask = 2147483647;
			files = (
			);
			runOnlyForDeploymentPostprocessing = 0;
		};
/* End PBXResourcesBuildPhase section */

/* Begin PBXSourcesBuildPhase section */
		AE1D52361A81595400A24905 /* Sources */ = {
			isa = PBXSourcesBuildPhase;
			buildActionMask = 2147483647;
			files = (
				AE1D52461A81595400A24905 /* ViewController.m in Sources */,
				AE1D52431A81595400A24905 /* AppDelegate.m in Sources */,
				AE1D52401A81595400A24905 /* main.m in Sources */,
			);
			runOnlyForDeploymentPostprocessing = 0;
		};
		AE1D524F1A81595400A24905 /* Sources */ = {
			isa = PBXSourcesBuildPhase;
			buildActionMask = 2147483647;
			files = (
				AE1D525A1A81595400A24905 /* tick_tack_toeTests.m in Sources */,
			);
			runOnlyForDeploymentPostprocessing = 0;
		};
/* End PBXSourcesBuildPhase section */

/* Begin PBXTargetDependency section */
		AE1D52551A81595400A24905 /* PBXTargetDependency */ = {
			isa = PBXTargetDependency;
			target = AE1D52391A81595400A24905 /* tick-tack-toe */;
			targetProxy = AE1D52541A81595400A24905 /* PBXContainerItemProxy */;
		};
/* End PBXTargetDependency section */

/* Begin PBXVariantGroup section */
		AE1D524C1A81595400A24905 /* LaunchScreen.xib */ = {
			isa = PBXVariantGroup;
			children = (
				AE1D524D1A81595400A24905 /* Base */,
			);
			name = LaunchScreen.xib;
			sourceTree = "<group>";
		};
/* End PBXVariantGroup section */

/* Begin XCBuildConfiguration section */
		AE1D525B1A81595400A24905 /* Debug */ = {
			isa = XCBuildConfiguration;
			buildSettings = {
				ALWAYS_SEARCH_USER_PATHS = NO;
				CLANG_CXX_LANGUAGE_STANDARD = "gnu++0x";
				CLANG_CXX_LIBRARY = "libc++";
				CLANG_ENABLE_MODULES = YES;
				CLANG_ENABLE_OBJC_ARC = YES;
				CLANG_WARN_BOOL_CONVERSION = YES;
				CLANG_WARN_CONSTANT_CONVERSION = YES;
				CLANG_WARN_DIRECT_OBJC_ISA_USAGE = YES_ERROR;
				CLANG_WARN_EMPTY_BODY = YES;
				CLANG_WARN_ENUM_CONVERSION = YES;
				CLANG_WARN_INT_CONVERSION = YES;
				CLANG_WARN_OBJC_ROOT_CLASS = YES_ERROR;
				CLANG_WARN_UNREACHABLE_CODE = YES;
				CLANG_WARN__DUPLICATE_METHOD_MATCH = YES;
				"CODE_SIGN_IDENTITY[sdk=iphoneos*]" = "iPhone Developer";
				COPY_PHASE_STRIP = NO;
				ENABLE_STRICT_OBJC_MSGSEND = YES;
				GCC_C_LANGUAGE_STANDARD = gnu99;
				GCC_DYNAMIC_NO_PIC = NO;
				GCC_OPTIMIZATION_LEVEL = 0;
				GCC_PREPROCESSOR_DEFINITIONS = (
					"DEBUG=1",
					"$(inherited)",
				);
				GCC_SYMBOLS_PRIVATE_EXTERN = NO;
				GCC_WARN_64_TO_32_BIT_CONVERSION = YES;
				GCC_WARN_ABOUT_RETURN_TYPE = YES_ERROR;
				GCC_WARN_UNDECLARED_SELECTOR = YES;
				GCC_WARN_UNINITIALIZED_AUTOS = YES_AGGRESSIVE;
				GCC_WARN_UNUSED_FUNCTION = YES;
				GCC_WARN_UNUSED_VARIABLE = YES;
				IPHONEOS_DEPLOYMENT_TARGET = 8.1;
				MTL_ENABLE_DEBUG_INFO = YES;
				ONLY_ACTIVE_ARCH = YES;
				SDKROOT = iphoneos;
				TARGETED_DEVICE_FAMILY = "1,2";
			};
			name = Debug;
		};
		AE1D525C1A81595400A24905 /* Release */ = {
			isa = XCBuildConfiguration;
			buildSettings = {
				ALWAYS_SEARCH_USER_PATHS = NO;
				CLANG_CXX_LANGUAGE_STANDARD = "gnu++0x";
				CLANG_CXX_LIBRARY = "libc++";
				CLANG_ENABLE_MODULES = YES;
				CLANG_ENABLE_OBJC_ARC = YES;
				CLANG_WARN_BOOL_CONVERSION = YES;
				CLANG_WARN_CONSTANT_CONVERSION = YES;
				CLANG_WARN_DIRECT_OBJC_ISA_USAGE = YES_ERROR;
				CLANG_WARN_EMPTY_BODY = YES;
				CLANG_WARN_ENUM_CONVERSION = YES;
				CLANG_WARN_INT_CONVERSION = YES;
				CLANG_WARN_OBJC_ROOT_CLASS = YES_ERROR;
				CLANG_WARN_UNREACHABLE_CODE = YES;
				CLANG_WARN__DUPLICATE_METHOD_MATCH = YES;
				"CODE_SIGN_IDENTITY[sdk=iphoneos*]" = "iPhone Developer";
				COPY_PHASE_STRIP = YES;
				ENABLE_NS_ASSERTIONS = NO;
				ENABLE_STRICT_OBJC_MSGSEND = YES;
				GCC_C_LANGUAGE_STANDARD = gnu99;
				GCC_WARN_64_TO_32_BIT_CONVERSION = YES;
				GCC_WARN_ABOUT_RETURN_TYPE = YES_ERROR;
				GCC_WARN_UNDECLARED_SELECTOR = YES;
				GCC_WARN_UNINITIALIZED_AUTOS = YES_AGGRESSIVE;
				GCC_WARN_UNUSED_FUNCTION = YES;
				GCC_WARN_UNUSED_VARIABLE = YES;
				IPHONEOS_DEPLOYMENT_TARGET = 8.1;
				MTL_ENABLE_DEBUG_INFO = NO;
				SDKROOT = iphoneos;
				TARGETED_DEVICE_FAMILY = "1,2";
				VALIDATE_PRODUCT = YES;
			};
			name = Release;
		};
		AE1D525E1A81595400A24905 /* Debug */ = {
			isa = XCBuildConfiguration;
			buildSettings = {
				ASSETCATALOG_COMPILER_APPICON_NAME = AppIcon;
				INFOPLIST_FILE = "tick-tack-toe/Info.plist";
				LD_RUNPATH_SEARCH_PATHS = "$(inherited) @executable_path/Frameworks";
				PRODUCT_NAME = "$(TARGET_NAME)";
				TARGETED_DEVICE_FAMILY = 1;
			};
			name = Debug;
		};
		AE1D525F1A81595400A24905 /* Release */ = {
			isa = XCBuildConfiguration;
			buildSettings = {
				ASSETCATALOG_COMPILER_APPICON_NAME = AppIcon;
				INFOPLIST_FILE = "tick-tack-toe/Info.plist";
				LD_RUNPATH_SEARCH_PATHS = "$(inherited) @executable_path/Frameworks";
				PRODUCT_NAME = "$(TARGET_NAME)";
				TARGETED_DEVICE_FAMILY = 1;
			};
			name = Release;
		};
		AE1D52611A81595400A24905 /* Debug */ = {
			isa = XCBuildConfiguration;
			buildSettings = {
				BUNDLE_LOADER = "$(TEST_HOST)";
				FRAMEWORK_SEARCH_PATHS = (
					"$(SDKROOT)/Developer/Library/Frameworks",
					"$(inherited)",
				);
				GCC_PREPROCESSOR_DEFINITIONS = (
					"DEBUG=1",
					"$(inherited)",
				);
				INFOPLIST_FILE = "tick-tack-toeTests/Info.plist";
				LD_RUNPATH_SEARCH_PATHS = "$(inherited) @executable_path/Frameworks @loader_path/Frameworks";
				PRODUCT_NAME = "$(TARGET_NAME)";
				TEST_HOST = "$(BUILT_PRODUCTS_DIR)/tick-tack-toe.app/tick-tack-toe";
			};
			name = Debug;
		};
		AE1D52621A81595400A24905 /* Release */ = {
			isa = XCBuildConfiguration;
			buildSettings = {
				BUNDLE_LOADER = "$(TEST_HOST)";
				FRAMEWORK_SEARCH_PATHS = (
					"$(SDKROOT)/Developer/Library/Frameworks",
					"$(inherited)",
				);
				INFOPLIST_FILE = "tick-tack-toeTests/Info.plist";
				LD_RUNPATH_SEARCH_PATHS = "$(inherited) @executable_path/Frameworks @loader_path/Frameworks";
				PRODUCT_NAME = "$(TARGET_NAME)";
				TEST_HOST = "$(BUILT_PRODUCTS_DIR)/tick-tack-toe.app/tick-tack-toe";
			};
			name = Release;
		};
/* End XCBuildConfiguration section */

/* Begin XCConfigurationList section */
		AE1D52351A81595400A24905 /* Build configuration list for PBXProject "tick-tack-toe" */ = {
			isa = XCConfigurationList;
			buildConfigurations = (
				AE1D525B1A81595400A24905 /* Debug */,
				AE1D525C1A81595400A24905 /* Release */,
			);
			defaultConfigurationIsVisible = 0;
			defaultConfigurationName = Release;
		};
		AE1D525D1A81595400A24905 /* Build configuration list for PBXNativeTarget "tick-tack-toe" */ = {
			isa = XCConfigurationList;
			buildConfigurations = (
				AE1D525E1A81595400A24905 /* Debug */,
				AE1D525F1A81595400A24905 /* Release */,
			);
			defaultConfigurationIsVisible = 0;
		};
		AE1D52601A81595400A24905 /* Build configuration list for PBXNativeTarget "tick-tack-toeTests" */ = {
			isa = XCConfigurationList;
			buildConfigurations = (
				AE1D52611A81595400A24905 /* Debug */,
				AE1D52621A81595400A24905 /* Release */,
			);
			defaultConfigurationIsVisible = 0;
		};
/* End XCConfigurationList section */
	};
	rootObject = AE1D52321A81595400A24905 /* Project object */;
}
